
Microsoft Visual Studio Solution File, Format Version 12.00
# Visual Studio Version 17
VisualStudioVersion = 17.1.32228.430
MinimumVisualStudioVersion = 10.0.40219.1
Project("{9A19103F-16F7-4668-BE54-9A1E7A4F7556}") = "NorthwindApp.Data", "NorthwindApp.Data\NorthwindApp.Data.csproj", "{3F8E8115-561F-4A5C-95DB-229934E6F6BD}"
EndProject
Project("{9A19103F-16F7-4668-BE54-9A1E7A4F7556}") = "Northwind_22_08_22", "NorthwindApp.UI\Northwind_22_08_22.csproj", "{D634717B-3D91-4EFA-BEDA-AF55680B509E}"
EndProject
Project("{FAE04EC0-301F-11D3-BF4B-00C04F79EFBC}") = "Northwind_25_08_22_JOIN_HW", "Northwind_25_08_22_JOIN_HW\Northwind_25_08_22_JOIN_HW.csproj", "{BD681580-1ABF-408A-8259-8B0193746037}"
EndProject
Global
	GlobalSection(SolutionConfigurationPlatforms) = preSolution
		Debug|Any CPU = Debug|Any CPU
		Release|Any CPU = Release|Any CPU
	EndGlobalSection
	GlobalSection(ProjectConfigurationPlatforms) = postSolution
		{3F8E8115-561F-4A5C-95DB-229934E6F6BD}.Debug|Any CPU.ActiveCfg = Debug|Any CPU
		{3F8E8115-561F-4A5C-95DB-229934E6F6BD}.Debug|Any CPU.Build.0 = Debug|Any CPU
		{3F8E8115-561F-4A5C-95DB-229934E6F6BD}.Release|Any CPU.ActiveCfg = Release|Any CPU
		{3F8E8115-561F-4A5C-95DB-229934E6F6BD}.Release|Any CPU.Build.0 = Release|Any CPU
		{D634717B-3D91-4EFA-BEDA-AF55680B509E}.Debug|Any CPU.ActiveCfg = Debug|Any CPU
		{D634717B-3D91-4EFA-BEDA-AF55680B509E}.Debug|Any CPU.Build.0 = Debug|Any CPU
		{D634717B-3D91-4EFA-BEDA-AF55680B509E}.Release|Any CPU.ActiveCfg = Release|Any CPU
		{D634717B-3D91-4EFA-BEDA-AF55680B509E}.Release|Any CPU.Build.0 = Release|Any CPU
		{BD681580-1ABF-408A-8259-8B0193746037}.Debug|Any CPU.ActiveCfg = Debug|Any CPU
		{BD681580-1ABF-408A-8259-8B0193746037}.Debug|Any CPU.Build.0 = Debug|Any CPU
		{BD681580-1ABF-408A-8259-8B0193746037}.Release|Any CPU.ActiveCfg = Release|Any CPU
		{BD681580-1ABF-408A-8259-8B0193746037}.Release|Any CPU.Build.0 = Release|Any CPU
	EndGlobalSection
	GlobalSection(SolutionProperties) = preSolution
		HideSolutionNode = FALSE
	EndGlobalSection
	GlobalSection(ExtensibilityGlobals) = postSolution
		SolutionGuid = {E881F3DB-E72C-4B87-B977-4D079276D22D}
	EndGlobalSection
EndGlobal
